// !$*UTF8*$!
{
	archiveVersion = 1;
	classes = {
	};
	objectVersion = 56;
	objects = {

/* Begin PBXBuildFile section */
		C84488712C54D57E00DF571E /* SelectionCustomCVFlowLayout.swift in Sources */ = {isa = PBXBuildFile; fileRef = C84488702C54D57E00DF571E /* SelectionCustomCVFlowLayout.swift */; };
		C84488732C54D5DE00DF571E /* DynamicValue.swift in Sources */ = {isa = PBXBuildFile; fileRef = C84488722C54D5DE00DF571E /* DynamicValue.swift */; };
		C84488752C54D77100DF571E /* SelectionDataSource.swift in Sources */ = {isa = PBXBuildFile; fileRef = C84488742C54D77100DF571E /* SelectionDataSource.swift */; };
		C86A06552C5544F8006EEE7A /* SelectionCVCell.swift in Sources */ = {isa = PBXBuildFile; fileRef = C86A06532C5544F8006EEE7A /* SelectionCVCell.swift */; };
		C86A06562C5544F8006EEE7A /* SelectionCVCell.xib in Resources */ = {isa = PBXBuildFile; fileRef = C86A06542C5544F8006EEE7A /* SelectionCVCell.xib */; };
		C8881C4F2C53D57D0024722E /* SelectionViewController.swift in Sources */ = {isa = PBXBuildFile; fileRef = C8881C4E2C53D57D0024722E /* SelectionViewController.swift */; };
		C8A32F042C52267A009F7D24 /* AppDelegate.swift in Sources */ = {isa = PBXBuildFile; fileRef = C8A32F032C52267A009F7D24 /* AppDelegate.swift */; };
		C8A32F062C52267A009F7D24 /* SceneDelegate.swift in Sources */ = {isa = PBXBuildFile; fileRef = C8A32F052C52267A009F7D24 /* SceneDelegate.swift */; };
		C8A32F082C52267A009F7D24 /* ViewController.swift in Sources */ = {isa = PBXBuildFile; fileRef = C8A32F072C52267A009F7D24 /* ViewController.swift */; };
		C8A32F0B2C52267A009F7D24 /* Main.storyboard in Resources */ = {isa = PBXBuildFile; fileRef = C8A32F092C52267A009F7D24 /* Main.storyboard */; };
		C8A32F0D2C52267E009F7D24 /* Assets.xcassets in Resources */ = {isa = PBXBuildFile; fileRef = C8A32F0C2C52267E009F7D24 /* Assets.xcassets */; };
		C8A32F102C52267E009F7D24 /* LaunchScreen.storyboard in Resources */ = {isa = PBXBuildFile; fileRef = C8A32F0E2C52267E009F7D24 /* LaunchScreen.storyboard */; };
		C8A32F1D2C522809009F7D24 /* NewBannerSupplementaryView.swift in Sources */ = {isa = PBXBuildFile; fileRef = C8A32F182C522806009F7D24 /* NewBannerSupplementaryView.swift */; };
		C8A32F1E2C522809009F7D24 /* NewBannerSupplementaryView.xib in Resources */ = {isa = PBXBuildFile; fileRef = C8A32F192C522807009F7D24 /* NewBannerSupplementaryView.xib */; };
		C8A32F1F2C522809009F7D24 /* HeaderSupplementaryView.xib in Resources */ = {isa = PBXBuildFile; fileRef = C8A32F1A2C522807009F7D24 /* HeaderSupplementaryView.xib */; };
		C8A32F202C522809009F7D24 /* HeaderSupplementaryView.swift in Sources */ = {isa = PBXBuildFile; fileRef = C8A32F1B2C522808009F7D24 /* HeaderSupplementaryView.swift */; };
		C8A32F212C522809009F7D24 /* BackgroundDecorationView.swift in Sources */ = {isa = PBXBuildFile; fileRef = C8A32F1C2C522808009F7D24 /* BackgroundDecorationView.swift */; };
		C8A32F262C5229DB009F7D24 /* DestinationCell.swift in Sources */ = {isa = PBXBuildFile; fileRef = C8A32F252C5229DB009F7D24 /* DestinationCell.swift */; };
		C8A32F2B2C5231F9009F7D24 /* DestinationCVController.swift in Sources */ = {isa = PBXBuildFile; fileRef = C8A32F2A2C5231F9009F7D24 /* DestinationCVController.swift */; };
		C8A32F2D2C52326D009F7D24 /* DestionationDataSource.swift in Sources */ = {isa = PBXBuildFile; fileRef = C8A32F2C2C52326D009F7D24 /* DestionationDataSource.swift */; };
		C8A32F2F2C5233CC009F7D24 /* Destination.swift in Sources */ = {isa = PBXBuildFile; fileRef = C8A32F2E2C5233CC009F7D24 /* Destination.swift */; };
		C8A32F352C523C26009F7D24 /* DestinationRequest.swift in Sources */ = {isa = PBXBuildFile; fileRef = C8A32F302C523C26009F7D24 /* DestinationRequest.swift */; };
		C8A32F362C523C26009F7D24 /* Request.swift in Sources */ = {isa = PBXBuildFile; fileRef = C8A32F312C523C26009F7D24 /* Request.swift */; };
		C8A32F372C523C27009F7D24 /* Networking.swift in Sources */ = {isa = PBXBuildFile; fileRef = C8A32F322C523C26009F7D24 /* Networking.swift */; };
		C8A32F382C523C27009F7D24 /* NetworkError.swift in Sources */ = {isa = PBXBuildFile; fileRef = C8A32F332C523C26009F7D24 /* NetworkError.swift */; };
		C8A32F392C523C27009F7D24 /* URLSession+Networking.swift in Sources */ = {isa = PBXBuildFile; fileRef = C8A32F342C523C26009F7D24 /* URLSession+Networking.swift */; };
/* End PBXBuildFile section */

/* Begin PBXFileReference section */
		C84488702C54D57E00DF571E /* SelectionCustomCVFlowLayout.swift */ = {isa = PBXFileReference; lastKnownFileType = sourcecode.swift; path = SelectionCustomCVFlowLayout.swift; sourceTree = "<group>"; };
		C84488722C54D5DE00DF571E /* DynamicValue.swift */ = {isa = PBXFileReference; lastKnownFileType = sourcecode.swift; path = DynamicValue.swift; sourceTree = "<group>"; };
		C84488742C54D77100DF571E /* SelectionDataSource.swift */ = {isa = PBXFileReference; lastKnownFileType = sourcecode.swift; path = SelectionDataSource.swift; sourceTree = "<group>"; };
		C86A06532C5544F8006EEE7A /* SelectionCVCell.swift */ = {isa = PBXFileReference; lastKnownFileType = sourcecode.swift; path = SelectionCVCell.swift; sourceTree = "<group>"; };
		C86A06542C5544F8006EEE7A /* SelectionCVCell.xib */ = {isa = PBXFileReference; lastKnownFileType = file.xib; path = SelectionCVCell.xib; sourceTree = "<group>"; };
		C8881C4E2C53D57D0024722E /* SelectionViewController.swift */ = {isa = PBXFileReference; lastKnownFileType = sourcecode.swift; path = SelectionViewController.swift; sourceTree = "<group>"; };
		C8A32F002C52267A009F7D24 /* Finding Falcon Test.app */ = {isa = PBXFileReference; explicitFileType = wrapper.application; includeInIndex = 0; path = "Finding Falcon Test.app"; sourceTree = BUILT_PRODUCTS_DIR; };
		C8A32F032C52267A009F7D24 /* AppDelegate.swift */ = {isa = PBXFileReference; lastKnownFileType = sourcecode.swift; path = AppDelegate.swift; sourceTree = "<group>"; };
		C8A32F052C52267A009F7D24 /* SceneDelegate.swift */ = {isa = PBXFileReference; lastKnownFileType = sourcecode.swift; path = SceneDelegate.swift; sourceTree = "<group>"; };
		C8A32F072C52267A009F7D24 /* ViewController.swift */ = {isa = PBXFileReference; lastKnownFileType = sourcecode.swift; path = ViewController.swift; sourceTree = "<group>"; };
		C8A32F0A2C52267A009F7D24 /* Base */ = {isa = PBXFileReference; lastKnownFileType = file.storyboard; name = Base; path = Base.lproj/Main.storyboard; sourceTree = "<group>"; };
		C8A32F0C2C52267E009F7D24 /* Assets.xcassets */ = {isa = PBXFileReference; lastKnownFileType = folder.assetcatalog; path = Assets.xcassets; sourceTree = "<group>"; };
		C8A32F0F2C52267E009F7D24 /* Base */ = {isa = PBXFileReference; lastKnownFileType = file.storyboard; name = Base; path = Base.lproj/LaunchScreen.storyboard; sourceTree = "<group>"; };
		C8A32F112C52267E009F7D24 /* Info.plist */ = {isa = PBXFileReference; lastKnownFileType = text.plist.xml; path = Info.plist; sourceTree = "<group>"; };
		C8A32F182C522806009F7D24 /* NewBannerSupplementaryView.swift */ = {isa = PBXFileReference; fileEncoding = 4; lastKnownFileType = sourcecode.swift; path = NewBannerSupplementaryView.swift; sourceTree = "<group>"; };
		C8A32F192C522807009F7D24 /* NewBannerSupplementaryView.xib */ = {isa = PBXFileReference; fileEncoding = 4; lastKnownFileType = file.xib; path = NewBannerSupplementaryView.xib; sourceTree = "<group>"; };
		C8A32F1A2C522807009F7D24 /* HeaderSupplementaryView.xib */ = {isa = PBXFileReference; fileEncoding = 4; lastKnownFileType = file.xib; path = HeaderSupplementaryView.xib; sourceTree = "<group>"; };
		C8A32F1B2C522808009F7D24 /* HeaderSupplementaryView.swift */ = {isa = PBXFileReference; fileEncoding = 4; lastKnownFileType = sourcecode.swift; path = HeaderSupplementaryView.swift; sourceTree = "<group>"; };
		C8A32F1C2C522808009F7D24 /* BackgroundDecorationView.swift */ = {isa = PBXFileReference; fileEncoding = 4; lastKnownFileType = sourcecode.swift; path = BackgroundDecorationView.swift; sourceTree = "<group>"; };
		C8A32F252C5229DB009F7D24 /* DestinationCell.swift */ = {isa = PBXFileReference; lastKnownFileType = sourcecode.swift; path = DestinationCell.swift; sourceTree = "<group>"; };
		C8A32F2A2C5231F9009F7D24 /* DestinationCVController.swift */ = {isa = PBXFileReference; lastKnownFileType = sourcecode.swift; path = DestinationCVController.swift; sourceTree = "<group>"; };
		C8A32F2C2C52326D009F7D24 /* DestionationDataSource.swift */ = {isa = PBXFileReference; lastKnownFileType = sourcecode.swift; path = DestionationDataSource.swift; sourceTree = "<group>"; };
		C8A32F2E2C5233CC009F7D24 /* Destination.swift */ = {isa = PBXFileReference; lastKnownFileType = sourcecode.swift; path = Destination.swift; sourceTree = "<group>"; };
		C8A32F302C523C26009F7D24 /* DestinationRequest.swift */ = {isa = PBXFileReference; fileEncoding = 4; lastKnownFileType = sourcecode.swift; path = DestinationRequest.swift; sourceTree = "<group>"; };
		C8A32F312C523C26009F7D24 /* Request.swift */ = {isa = PBXFileReference; fileEncoding = 4; lastKnownFileType = sourcecode.swift; path = Request.swift; sourceTree = "<group>"; };
		C8A32F322C523C26009F7D24 /* Networking.swift */ = {isa = PBXFileReference; fileEncoding = 4; lastKnownFileType = sourcecode.swift; path = Networking.swift; sourceTree = "<group>"; };
		C8A32F332C523C26009F7D24 /* NetworkError.swift */ = {isa = PBXFileReference; fileEncoding = 4; lastKnownFileType = sourcecode.swift; path = NetworkError.swift; sourceTree = "<group>"; };
		C8A32F342C523C26009F7D24 /* URLSession+Networking.swift */ = {isa = PBXFileReference; fileEncoding = 4; lastKnownFileType = sourcecode.swift; path = "URLSession+Networking.swift"; sourceTree = "<group>"; };
/* End PBXFileReference section */

/* Begin PBXFrameworksBuildPhase section */
		C8A32EFD2C52267A009F7D24 /* Frameworks */ = {
			isa = PBXFrameworksBuildPhase;
			buildActionMask = 2147483647;
			files = (
			);
			runOnlyForDeploymentPostprocessing = 0;
		};
/* End PBXFrameworksBuildPhase section */

/* Begin PBXGroup section */
		C8881C4D2C53D55B0024722E /* SelectionsList */ = {
			isa = PBXGroup;
			children = (
				C8881C4E2C53D57D0024722E /* SelectionViewController.swift */,
				C84488702C54D57E00DF571E /* SelectionCustomCVFlowLayout.swift */,
				C84488742C54D77100DF571E /* SelectionDataSource.swift */,
			);
			path = SelectionsList;
			sourceTree = "<group>";
		};
		C8A32EF72C52267A009F7D24 = {
			isa = PBXGroup;
			children = (
				C8A32F022C52267A009F7D24 /* Finding Falcon Test */,
				C8A32F012C52267A009F7D24 /* Products */,
			);
			sourceTree = "<group>";
		};
		C8A32F012C52267A009F7D24 /* Products */ = {
			isa = PBXGroup;
			children = (
				C8A32F002C52267A009F7D24 /* Finding Falcon Test.app */,
			);
			name = Products;
			sourceTree = "<group>";
		};
		C8A32F022C52267A009F7D24 /* Finding Falcon Test */ = {
			isa = PBXGroup;
			children = (
				C8881C4D2C53D55B0024722E /* SelectionsList */,
				C8A32F292C5231B5009F7D24 /* DestinationsList */,
				C8A32F242C5228FA009F7D24 /* Networking */,
				C8A32F232C5228F0009F7D24 /* Models */,
				C8A32F222C52289B009F7D24 /* Cells */,
				C8A32F172C5227EA009F7D24 /* Views */,
				C8A32F032C52267A009F7D24 /* AppDelegate.swift */,
				C8A32F052C52267A009F7D24 /* SceneDelegate.swift */,
				C8A32F072C52267A009F7D24 /* ViewController.swift */,
				C8A32F092C52267A009F7D24 /* Main.storyboard */,
				C8A32F0C2C52267E009F7D24 /* Assets.xcassets */,
				C8A32F0E2C52267E009F7D24 /* LaunchScreen.storyboard */,
				C8A32F112C52267E009F7D24 /* Info.plist */,
			);
			path = "Finding Falcon Test";
			sourceTree = "<group>";
		};
		C8A32F172C5227EA009F7D24 /* Views */ = {
			isa = PBXGroup;
			children = (
				C8A32F1C2C522808009F7D24 /* BackgroundDecorationView.swift */,
				C8A32F1B2C522808009F7D24 /* HeaderSupplementaryView.swift */,
				C8A32F1A2C522807009F7D24 /* HeaderSupplementaryView.xib */,
				C8A32F182C522806009F7D24 /* NewBannerSupplementaryView.swift */,
				C8A32F192C522807009F7D24 /* NewBannerSupplementaryView.xib */,
			);
			path = Views;
			sourceTree = "<group>";
		};
		C8A32F222C52289B009F7D24 /* Cells */ = {
			isa = PBXGroup;
			children = (
				C8A32F252C5229DB009F7D24 /* DestinationCell.swift */,
				C86A06532C5544F8006EEE7A /* SelectionCVCell.swift */,
				C86A06542C5544F8006EEE7A /* SelectionCVCell.xib */,
			);
			path = Cells;
			sourceTree = "<group>";
		};
		C8A32F232C5228F0009F7D24 /* Models */ = {
			isa = PBXGroup;
			children = (
				C8A32F2E2C5233CC009F7D24 /* Destination.swift */,
				C84488722C54D5DE00DF571E /* DynamicValue.swift */,
			);
			path = Models;
			sourceTree = "<group>";
		};
		C8A32F242C5228FA009F7D24 /* Networking */ = {
			isa = PBXGroup;
			children = (
				C8A32F332C523C26009F7D24 /* NetworkError.swift */,
				C8A32F322C523C26009F7D24 /* Networking.swift */,
				C8A32F302C523C26009F7D24 /* DestinationRequest.swift */,
				C8A32F312C523C26009F7D24 /* Request.swift */,
				C8A32F342C523C26009F7D24 /* URLSession+Networking.swift */,
			);
			path = Networking;
			sourceTree = "<group>";
		};
		C8A32F292C5231B5009F7D24 /* DestinationsList */ = {
			isa = PBXGroup;
			children = (
				C8A32F2A2C5231F9009F7D24 /* DestinationCVController.swift */,
				C8A32F2C2C52326D009F7D24 /* DestionationDataSource.swift */,
			);
			path = DestinationsList;
			sourceTree = "<group>";
		};
/* End PBXGroup section */

/* Begin PBXNativeTarget section */
		C8A32EFF2C52267A009F7D24 /* Finding Falcon Test */ = {
			isa = PBXNativeTarget;
			buildConfigurationList = C8A32F142C52267E009F7D24 /* Build configuration list for PBXNativeTarget "Finding Falcon Test" */;
			buildPhases = (
				C8A32EFC2C52267A009F7D24 /* Sources */,
				C8A32EFD2C52267A009F7D24 /* Frameworks */,
				C8A32EFE2C52267A009F7D24 /* Resources */,
			);
			buildRules = (
			);
			dependencies = (
			);
			name = "Finding Falcon Test";
			productName = "Finding Falcon Test";
			productReference = C8A32F002C52267A009F7D24 /* Finding Falcon Test.app */;
			productType = "com.apple.product-type.application";
		};
/* End PBXNativeTarget section */

/* Begin PBXProject section */
		C8A32EF82C52267A009F7D24 /* Project object */ = {
			isa = PBXProject;
			attributes = {
				BuildIndependentTargetsInParallel = 1;
				LastSwiftUpdateCheck = 1420;
				LastUpgradeCheck = 1420;
				TargetAttributes = {
					C8A32EFF2C52267A009F7D24 = {
						CreatedOnToolsVersion = 14.2;
					};
				};
			};
			buildConfigurationList = C8A32EFB2C52267A009F7D24 /* Build configuration list for PBXProject "Finding Falcon Test" */;
			compatibilityVersion = "Xcode 14.0";
			developmentRegion = en;
			hasScannedForEncodings = 0;
			knownRegions = (
				en,
				Base,
			);
			mainGroup = C8A32EF72C52267A009F7D24;
			productRefGroup = C8A32F012C52267A009F7D24 /* Products */;
			projectDirPath = "";
			projectRoot = "";
			targets = (
				C8A32EFF2C52267A009F7D24 /* Finding Falcon Test */,
			);
		};
/* End PBXProject section */

/* Begin PBXResourcesBuildPhase section */
		C8A32EFE2C52267A009F7D24 /* Resources */ = {
			isa = PBXResourcesBuildPhase;
			buildActionMask = 2147483647;
			files = (
				C8A32F102C52267E009F7D24 /* LaunchScreen.storyboard in Resources */,
				C86A06562C5544F8006EEE7A /* SelectionCVCell.xib in Resources */,
				C8A32F0D2C52267E009F7D24 /* Assets.xcassets in Resources */,
				C8A32F0B2C52267A009F7D24 /* Main.storyboard in Resources */,
				C8A32F1F2C522809009F7D24 /* HeaderSupplementaryView.xib in Resources */,
				C8A32F1E2C522809009F7D24 /* NewBannerSupplementaryView.xib in Resources */,
			);
			runOnlyForDeploymentPostprocessing = 0;
		};
/* End PBXResourcesBuildPhase section */

/* Begin PBXSourcesBuildPhase section */
		C8A32EFC2C52267A009F7D24 /* Sources */ = {
			isa = PBXSourcesBuildPhase;
			buildActionMask = 2147483647;
			files = (
				C8A32F212C522809009F7D24 /* BackgroundDecorationView.swift in Sources */,
				C8A32F382C523C27009F7D24 /* NetworkError.swift in Sources */,
				C8A32F362C523C26009F7D24 /* Request.swift in Sources */,
				C84488712C54D57E00DF571E /* SelectionCustomCVFlowLayout.swift in Sources */,
				C8A32F082C52267A009F7D24 /* ViewController.swift in Sources */,
				C8A32F372C523C27009F7D24 /* Networking.swift in Sources */,
				C8A32F2F2C5233CC009F7D24 /* Destination.swift in Sources */,
				C84488732C54D5DE00DF571E /* DynamicValue.swift in Sources */,
				C8A32F042C52267A009F7D24 /* AppDelegate.swift in Sources */,
				C8A32F352C523C26009F7D24 /* DestinationRequest.swift in Sources */,
				C8A32F262C5229DB009F7D24 /* DestinationCell.swift in Sources */,
				C8A32F1D2C522809009F7D24 /* NewBannerSupplementaryView.swift in Sources */,
				C8A32F392C523C27009F7D24 /* URLSession+Networking.swift in Sources */,
				C8A32F062C52267A009F7D24 /* SceneDelegate.swift in Sources */,
				C8A32F202C522809009F7D24 /* HeaderSupplementaryView.swift in Sources */,
				C86A06552C5544F8006EEE7A /* SelectionCVCell.swift in Sources */,
				C8881C4F2C53D57D0024722E /* SelectionViewController.swift in Sources */,
				C8A32F2B2C5231F9009F7D24 /* DestinationCVController.swift in Sources */,
				C84488752C54D77100DF571E /* SelectionDataSource.swift in Sources */,
				C8A32F2D2C52326D009F7D24 /* DestionationDataSource.swift in Sources */,
			);
			runOnlyForDeploymentPostprocessing = 0;
		};
/* End PBXSourcesBuildPhase section */

/* Begin PBXVariantGroup section */
		C8A32F092C52267A009F7D24 /* Main.storyboard */ = {
			isa = PBXVariantGroup;
			children = (
				C8A32F0A2C52267A009F7D24 /* Base */,
			);
			name = Main.storyboard;
			sourceTree = "<group>";
		};
		C8A32F0E2C52267E009F7D24 /* LaunchScreen.storyboard */ = {
			isa = PBXVariantGroup;
			children = (
				C8A32F0F2C52267E009F7D24 /* Base */,
			);
			name = LaunchScreen.storyboard;
			sourceTree = "<group>";
		};
/* End PBXVariantGroup section */

/* Begin XCBuildConfiguration section */
		C8A32F122C52267E009F7D24 /* Debug */ = {
			isa = XCBuildConfiguration;
			buildSettings = {
				ALWAYS_SEARCH_USER_PATHS = NO;
				CLANG_ANALYZER_NONNULL = YES;
				CLANG_ANALYZER_NUMBER_OBJECT_CONVERSION = YES_AGGRESSIVE;
				CLANG_CXX_LANGUAGE_STANDARD = "gnu++20";
				CLANG_ENABLE_MODULES = YES;
				CLANG_ENABLE_OBJC_ARC = YES;
				CLANG_ENABLE_OBJC_WEAK = YES;
				CLANG_WARN_BLOCK_CAPTURE_AUTORELEASING = YES;
				CLANG_WARN_BOOL_CONVERSION = YES;
				CLANG_WARN_COMMA = YES;
				CLANG_WARN_CONSTANT_CONVERSION = YES;
				CLANG_WARN_DEPRECATED_OBJC_IMPLEMENTATIONS = YES;
				CLANG_WARN_DIRECT_OBJC_ISA_USAGE = YES_ERROR;
				CLANG_WARN_DOCUMENTATION_COMMENTS = YES;
				CLANG_WARN_EMPTY_BODY = YES;
				CLANG_WARN_ENUM_CONVERSION = YES;
				CLANG_WARN_INFINITE_RECURSION = YES;
				CLANG_WARN_INT_CONVERSION = YES;
				CLANG_WARN_NON_LITERAL_NULL_CONVERSION = YES;
				CLANG_WARN_OBJC_IMPLICIT_RETAIN_SELF = YES;
				CLANG_WARN_OBJC_LITERAL_CONVERSION = YES;
				CLANG_WARN_OBJC_ROOT_CLASS = YES_ERROR;
				CLANG_WARN_QUOTED_INCLUDE_IN_FRAMEWORK_HEADER = YES;
				CLANG_WARN_RANGE_LOOP_ANALYSIS = YES;
				CLANG_WARN_STRICT_PROTOTYPES = YES;
				CLANG_WARN_SUSPICIOUS_MOVE = YES;
				CLANG_WARN_UNGUARDED_AVAILABILITY = YES_AGGRESSIVE;
				CLANG_WARN_UNREACHABLE_CODE = YES;
				CLANG_WARN__DUPLICATE_METHOD_MATCH = YES;
				COPY_PHASE_STRIP = NO;
				DEBUG_INFORMATION_FORMAT = dwarf;
				ENABLE_STRICT_OBJC_MSGSEND = YES;
				ENABLE_TESTABILITY = YES;
				GCC_C_LANGUAGE_STANDARD = gnu11;
				GCC_DYNAMIC_NO_PIC = NO;
				GCC_NO_COMMON_BLOCKS = YES;
				GCC_OPTIMIZATION_LEVEL = 0;
				GCC_PREPROCESSOR_DEFINITIONS = (
					"DEBUG=1",
					"$(inherited)",
				);
				GCC_WARN_64_TO_32_BIT_CONVERSION = YES;
				GCC_WARN_ABOUT_RETURN_TYPE = YES_ERROR;
				GCC_WARN_UNDECLARED_SELECTOR = YES;
				GCC_WARN_UNINITIALIZED_AUTOS = YES_AGGRESSIVE;
				GCC_WARN_UNUSED_FUNCTION = YES;
				GCC_WARN_UNUSED_VARIABLE = YES;
				IPHONEOS_DEPLOYMENT_TARGET = 16.2;
				MTL_ENABLE_DEBUG_INFO = INCLUDE_SOURCE;
				MTL_FAST_MATH = YES;
				ONLY_ACTIVE_ARCH = YES;
				SDKROOT = iphoneos;
				SWIFT_ACTIVE_COMPILATION_CONDITIONS = DEBUG;
				SWIFT_OPTIMIZATION_LEVEL = "-Onone";
			};
			name = Debug;
		};
		C8A32F132C52267E009F7D24 /* Release */ = {
			isa = XCBuildConfiguration;
			buildSettings = {
				ALWAYS_SEARCH_USER_PATHS = NO;
				CLANG_ANALYZER_NONNULL = YES;
				CLANG_ANALYZER_NUMBER_OBJECT_CONVERSION = YES_AGGRESSIVE;
				CLANG_CXX_LANGUAGE_STANDARD = "gnu++20";
				CLANG_ENABLE_MODULES = YES;
				CLANG_ENABLE_OBJC_ARC = YES;
				CLANG_ENABLE_OBJC_WEAK = YES;
				CLANG_WARN_BLOCK_CAPTURE_AUTORELEASING = YES;
				CLANG_WARN_BOOL_CONVERSION = YES;
				CLANG_WARN_COMMA = YES;
				CLANG_WARN_CONSTANT_CONVERSION = YES;
				CLANG_WARN_DEPRECATED_OBJC_IMPLEMENTATIONS = YES;
				CLANG_WARN_DIRECT_OBJC_ISA_USAGE = YES_ERROR;
				CLANG_WARN_DOCUMENTATION_COMMENTS = YES;
				CLANG_WARN_EMPTY_BODY = YES;
				CLANG_WARN_ENUM_CONVERSION = YES;
				CLANG_WARN_INFINITE_RECURSION = YES;
				CLANG_WARN_INT_CONVERSION = YES;
				CLANG_WARN_NON_LITERAL_NULL_CONVERSION = YES;
				CLANG_WARN_OBJC_IMPLICIT_RETAIN_SELF = YES;
				CLANG_WARN_OBJC_LITERAL_CONVERSION = YES;
				CLANG_WARN_OBJC_ROOT_CLASS = YES_ERROR;
				CLANG_WARN_QUOTED_INCLUDE_IN_FRAMEWORK_HEADER = YES;
				CLANG_WARN_RANGE_LOOP_ANALYSIS = YES;
				CLANG_WARN_STRICT_PROTOTYPES = YES;
				CLANG_WARN_SUSPICIOUS_MOVE = YES;
				CLANG_WARN_UNGUARDED_AVAILABILITY = YES_AGGRESSIVE;
				CLANG_WARN_UNREACHABLE_CODE = YES;
				CLANG_WARN__DUPLICATE_METHOD_MATCH = YES;
				COPY_PHASE_STRIP = NO;
				DEBUG_INFORMATION_FORMAT = "dwarf-with-dsym";
				ENABLE_NS_ASSERTIONS = NO;
				ENABLE_STRICT_OBJC_MSGSEND = YES;
				GCC_C_LANGUAGE_STANDARD = gnu11;
				GCC_NO_COMMON_BLOCKS = YES;
				GCC_WARN_64_TO_32_BIT_CONVERSION = YES;
				GCC_WARN_ABOUT_RETURN_TYPE = YES_ERROR;
				GCC_WARN_UNDECLARED_SELECTOR = YES;
				GCC_WARN_UNINITIALIZED_AUTOS = YES_AGGRESSIVE;
				GCC_WARN_UNUSED_FUNCTION = YES;
				GCC_WARN_UNUSED_VARIABLE = YES;
				IPHONEOS_DEPLOYMENT_TARGET = 16.2;
				MTL_ENABLE_DEBUG_INFO = NO;
				MTL_FAST_MATH = YES;
				SDKROOT = iphoneos;
				SWIFT_COMPILATION_MODE = wholemodule;
				SWIFT_OPTIMIZATION_LEVEL = "-O";
				VALIDATE_PRODUCT = YES;
			};
			name = Release;
		};
		C8A32F152C52267E009F7D24 /* Debug */ = {
			isa = XCBuildConfiguration;
			buildSettings = {
				ASSETCATALOG_COMPILER_APPICON_NAME = AppIcon;
				ASSETCATALOG_COMPILER_GLOBAL_ACCENT_COLOR_NAME = AccentColor;
				CODE_SIGN_STYLE = Automatic;
				CURRENT_PROJECT_VERSION = 1;
				GENERATE_INFOPLIST_FILE = YES;
				INFOPLIST_FILE = "Finding Falcon Test/Info.plist";
				INFOPLIST_KEY_UIApplicationSupportsIndirectInputEvents = YES;
				INFOPLIST_KEY_UILaunchStoryboardName = LaunchScreen;
				INFOPLIST_KEY_UIMainStoryboardFile = Main;
				INFOPLIST_KEY_UISupportedInterfaceOrientations_iPad = "UIInterfaceOrientationPortrait UIInterfaceOrientationPortraitUpsideDown UIInterfaceOrientationLandscapeLeft UIInterfaceOrientationLandscapeRight";
				INFOPLIST_KEY_UISupportedInterfaceOrientations_iPhone = "UIInterfaceOrientationPortrait UIInterfaceOrientationLandscapeLeft UIInterfaceOrientationLandscapeRight";
				LD_RUNPATH_SEARCH_PATHS = (
					"$(inherited)",
					"@executable_path/Frameworks",
				);
				MARKETING_VERSION = 1.0;
				PRODUCT_BUNDLE_IDENTIFIER = "com.csprasad.Finding-Falcon-Test";
				PRODUCT_NAME = "$(TARGET_NAME)";
				SWIFT_EMIT_LOC_STRINGS = YES;
				SWIFT_VERSION = 5.0;
				TARGETED_DEVICE_FAMILY = "1,2";
			};
			name = Debug;
		};
		C8A32F162C52267E009F7D24 /* Release */ = {
			isa = XCBuildConfiguration;
			buildSettings = {
				ASSETCATALOG_COMPILER_APPICON_NAME = AppIcon;
				ASSETCATALOG_COMPILER_GLOBAL_ACCENT_COLOR_NAME = AccentColor;
				CODE_SIGN_STYLE = Automatic;
				CURRENT_PROJECT_VERSION = 1;
				GENERATE_INFOPLIST_FILE = YES;
				INFOPLIST_FILE = "Finding Falcon Test/Info.plist";
				INFOPLIST_KEY_UIApplicationSupportsIndirectInputEvents = YES;
				INFOPLIST_KEY_UILaunchStoryboardName = LaunchScreen;
				INFOPLIST_KEY_UIMainStoryboardFile = Main;
				INFOPLIST_KEY_UISupportedInterfaceOrientations_iPad = "UIInterfaceOrientationPortrait UIInterfaceOrientationPortraitUpsideDown UIInterfaceOrientationLandscapeLeft UIInterfaceOrientationLandscapeRight";
				INFOPLIST_KEY_UISupportedInterfaceOrientations_iPhone = "UIInterfaceOrientationPortrait UIInterfaceOrientationLandscapeLeft UIInterfaceOrientationLandscapeRight";
				LD_RUNPATH_SEARCH_PATHS = (
					"$(inherited)",
					"@executable_path/Frameworks",
				);
				MARKETING_VERSION = 1.0;
				PRODUCT_BUNDLE_IDENTIFIER = "com.csprasad.Finding-Falcon-Test";
				PRODUCT_NAME = "$(TARGET_NAME)";
				SWIFT_EMIT_LOC_STRINGS = YES;
				SWIFT_VERSION = 5.0;
				TARGETED_DEVICE_FAMILY = "1,2";
			};
			name = Release;
		};
/* End XCBuildConfiguration section */

/* Begin XCConfigurationList section */
		C8A32EFB2C52267A009F7D24 /* Build configuration list for PBXProject "Finding Falcon Test" */ = {
			isa = XCConfigurationList;
			buildConfigurations = (
				C8A32F122C52267E009F7D24 /* Debug */,
				C8A32F132C52267E009F7D24 /* Release */,
			);
			defaultConfigurationIsVisible = 0;
			defaultConfigurationName = Release;
		};
		C8A32F142C52267E009F7D24 /* Build configuration list for PBXNativeTarget "Finding Falcon Test" */ = {
			isa = XCConfigurationList;
			buildConfigurations = (
				C8A32F152C52267E009F7D24 /* Debug */,
				C8A32F162C52267E009F7D24 /* Release */,
			);
			defaultConfigurationIsVisible = 0;
			defaultConfigurationName = Release;
		};
/* End XCConfigurationList section */
	};
	rootObject = C8A32EF82C52267A009F7D24 /* Project object */;
}
